{
  "version": 4,
  "terraform_version": "1.4.4",
  "serial": 7,
  "lineage": "3a92df01-5128-36f4-8448-a0257b83e7db",
  "outputs": {},
  "resources": [
    {
      "mode": "managed",
      "type": "azurerm_linux_virtual_machine",
      "name": "vm-b3-eco",
      "provider": "provider[\"registry.terraform.io/hashicorp/azurerm\"]",
      "instances": [
        {
          "schema_version": 0,
          "attributes": {
            "additional_capabilities": [],
            "admin_password": null,
            "admin_ssh_key": [
              {
                "public_key": "ssh-rsa AAAAB3NzaC1yc2EAAAADAQABAAACAQDDBvwMUtBlwW03QRAZ6/twVfPJZWrr948aMUv6h7i75hoaM4heJ4bhhiKZ1LpFXckam9+YvVQi5pr2q/JlsJvx83hUps4J9qeORAXnkBeF2Zs+TQ0Ds6N9Sxb9DVLM1ew3WAom2+enzLPIvz9rU4acA2DCF7pfFRKiNgJFT1LBlNSMVorLAnSCnZk2x6uhB68R5W3Jo+5J6mUKrOULoxnv72vfg3Z6J5I3qLC+ZSfrOTr5u30bntDORDeU9FymSl1e+8gyRUNscZF3I7vzY9nCGUh88JK0YLnYu2h+Gx6CB87FMbTPcb4bnwUEPz+to05BsDF9Cp0D3D5+mLxiwhMbone7Imr37EoCchXaR8kOmIVDnd36a5bI3rhd9Gb2KzeT/d0VTQfyjcIUJCtxDxwtzo5bpyV9Pkzorr2FgWVKZz3kWG+bKP9cd0wBaH0BurD7lw59osDK7uh520DXi20GZm/LxDctaBVuFnGeEaSHSClWkoJVO9+5xkBduXYA1saSmy7NO4Czn0yyqdLj92gOMhNbzwG+IUxJPUgjBd0bsui37N0IWgvBdfyZPTYVVKnVjt/vsV4lU8s92la727y7qeRlbNnt+O0BxFtuaQvE/mWQzyxjrnfk7lUCZXpeMUVB+Z7Ho8sBdHhpez+OLltbFE8PIwh2akQw4kKGYalWFw== thepa@LAPTOP-FLEOPDHT\r\n",
                "username": "gibbs"
              }
            ],
            "admin_username": "gibbs",
            "allow_extension_operations": true,
            "availability_set_id": "",
            "boot_diagnostics": [],
            "capacity_reservation_group_id": "",
            "computer_name": "b3-eco",
            "custom_data": null,
            "dedicated_host_group_id": "",
            "dedicated_host_id": "",
            "disable_password_authentication": true,
            "edge_zone": "",
            "encryption_at_host_enabled": false,
            "eviction_policy": "",
            "extensions_time_budget": "PT1H30M",
            "gallery_application": [],
            "id": "/subscriptions/17217ead-00d1-4732-8d88-cf868b6e61b8/resourceGroups/b3-eco/providers/Microsoft.Compute/virtualMachines/b3-eco",
            "identity": [],
            "license_type": "",
            "location": "eastus",
            "max_bid_price": -1,
            "name": "b3-eco",
            "network_interface_ids": [
              "/subscriptions/17217ead-00d1-4732-8d88-cf868b6e61b8/resourceGroups/b3-eco/providers/Microsoft.Network/networkInterfaces/nic-b3-eco"
            ],
            "os_disk": [
              {
                "caching": "ReadWrite",
                "diff_disk_settings": [],
                "disk_encryption_set_id": "",
                "disk_size_gb": 30,
                "name": "b3-eco_OsDisk_1_1e342f7c567d42d2bffb4e5b7cf73458",
                "secure_vm_disk_encryption_set_id": "",
                "security_encryption_type": "",
                "storage_account_type": "Standard_LRS",
                "write_accelerator_enabled": false
              }
            ],
            "patch_assessment_mode": "ImageDefault",
            "patch_mode": "ImageDefault",
            "plan": [],
            "platform_fault_domain": -1,
            "priority": "Regular",
            "private_ip_address": "10.0.2.4",
            "private_ip_addresses": [
              "10.0.2.4"
            ],
            "provision_vm_agent": true,
            "proximity_placement_group_id": "",
            "public_ip_address": "20.232.157.123",
            "public_ip_addresses": [
              "20.232.157.123"
            ],
            "resource_group_name": "b3-eco",
            "secret": [],
            "secure_boot_enabled": false,
            "size": "Standard_B1s",
            "source_image_id": "",
            "source_image_reference": [
              {
                "offer": "debian-10",
                "publisher": "Debian",
                "sku": "10",
                "version": "latest"
              }
            ],
            "tags": null,
            "termination_notification": null,
            "timeouts": null,
            "user_data": "",
            "virtual_machine_id": "c663d75b-301a-49f3-a8e5-2d2efffd9c18",
            "virtual_machine_scale_set_id": "",
            "vtpm_enabled": false,
            "zone": ""
          },
          "sensitive_attributes": [],
          "private": "eyJlMmJmYjczMC1lY2FhLTExZTYtOGY4OC0zNDM2M2JjN2M0YzAiOnsiY3JlYXRlIjoyNzAwMDAwMDAwMDAwLCJkZWxldGUiOjI3MDAwMDAwMDAwMDAsInJlYWQiOjMwMDAwMDAwMDAwMCwidXBkYXRlIjoyNzAwMDAwMDAwMDAwfX0=",
          "dependencies": [
            "azurerm_network_interface.nic-b3-eco",
            "azurerm_public_ip.ip-b3-eco",
            "azurerm_resource_group.rg-b3-eco",
            "azurerm_subnet.s-b3-eco",
            "azurerm_virtual_network.vn-b3-eco"
          ]
        }
      ]
    },
    {
      "mode": "managed",
      "type": "azurerm_network_interface",
      "name": "nic-b3-eco",
      "provider": "provider[\"registry.terraform.io/hashicorp/azurerm\"]",
      "instances": [
        {
          "schema_version": 0,
          "attributes": {
            "applied_dns_servers": [],
            "dns_servers": [],
            "edge_zone": "",
            "enable_accelerated_networking": false,
            "enable_ip_forwarding": false,
            "id": "/subscriptions/17217ead-00d1-4732-8d88-cf868b6e61b8/resourceGroups/b3-eco/providers/Microsoft.Network/networkInterfaces/nic-b3-eco",
            "internal_dns_name_label": "",
            "internal_domain_name_suffix": "rhcisesqk22udbopmuaat4p1ya.bx.internal.cloudapp.net",
            "ip_configuration": [
              {
                "gateway_load_balancer_frontend_ip_configuration_id": "",
                "name": "internal",
                "primary": true,
                "private_ip_address": "10.0.2.4",
                "private_ip_address_allocation": "Dynamic",
                "private_ip_address_version": "IPv4",
                "public_ip_address_id": "/subscriptions/17217ead-00d1-4732-8d88-cf868b6e61b8/resourceGroups/b3-eco/providers/Microsoft.Network/publicIPAddresses/ip-b3-eco",
                "subnet_id": "/subscriptions/17217ead-00d1-4732-8d88-cf868b6e61b8/resourceGroups/b3-eco/providers/Microsoft.Network/virtualNetworks/b3-eco/subnets/internal"
              }
            ],
            "location": "eastus",
            "mac_address": "",
            "name": "nic-b3-eco",
            "private_ip_address": "10.0.2.4",
            "private_ip_addresses": [
              "10.0.2.4"
            ],
            "resource_group_name": "b3-eco",
            "tags": null,
            "timeouts": null,
            "virtual_machine_id": ""
          },
          "sensitive_attributes": [],
          "private": "eyJlMmJmYjczMC1lY2FhLTExZTYtOGY4OC0zNDM2M2JjN2M0YzAiOnsiY3JlYXRlIjoxODAwMDAwMDAwMDAwLCJkZWxldGUiOjE4MDAwMDAwMDAwMDAsInJlYWQiOjMwMDAwMDAwMDAwMCwidXBkYXRlIjoxODAwMDAwMDAwMDAwfX0=",
          "dependencies": [
            "azurerm_public_ip.ip-b3-eco",
            "azurerm_resource_group.rg-b3-eco",
            "azurerm_subnet.s-b3-eco",
            "azurerm_virtual_network.vn-b3-eco"
          ]
        }
      ]
    },
    {
      "mode": "managed",
      "type": "azurerm_public_ip",
      "name": "ip-b3-eco",
      "provider": "provider[\"registry.terraform.io/hashicorp/azurerm\"]",
      "instances": [
        {
          "schema_version": 0,
          "attributes": {
            "allocation_method": "Static",
            "ddos_protection_mode": "VirtualNetworkInherited",
            "ddos_protection_plan_id": null,
            "domain_name_label": null,
            "edge_zone": "",
            "fqdn": null,
            "id": "/subscriptions/17217ead-00d1-4732-8d88-cf868b6e61b8/resourceGroups/b3-eco/providers/Microsoft.Network/publicIPAddresses/ip-b3-eco",
            "idle_timeout_in_minutes": 4,
            "ip_address": "20.232.157.123",
            "ip_tags": null,
            "ip_version": "IPv4",
            "location": "eastus",
            "name": "ip-b3-eco",
            "public_ip_prefix_id": null,
            "resource_group_name": "b3-eco",
            "reverse_fqdn": null,
            "sku": "Basic",
            "sku_tier": "Regional",
            "tags": null,
            "timeouts": null,
            "zones": null
          },
          "sensitive_attributes": [],
          "private": "eyJlMmJmYjczMC1lY2FhLTExZTYtOGY4OC0zNDM2M2JjN2M0YzAiOnsiY3JlYXRlIjoxODAwMDAwMDAwMDAwLCJkZWxldGUiOjE4MDAwMDAwMDAwMDAsInJlYWQiOjMwMDAwMDAwMDAwMCwidXBkYXRlIjoxODAwMDAwMDAwMDAwfX0=",
          "dependencies": [
            "azurerm_resource_group.rg-b3-eco"
          ]
        }
      ]
    },
    {
      "mode": "managed",
      "type": "azurerm_resource_group",
      "name": "rg-b3-eco",
      "provider": "provider[\"registry.terraform.io/hashicorp/azurerm\"]",
      "instances": [
        {
          "schema_version": 0,
          "attributes": {
            "id": "/subscriptions/17217ead-00d1-4732-8d88-cf868b6e61b8/resourceGroups/b3-eco",
            "location": "eastus",
            "name": "b3-eco",
            "tags": null,
            "timeouts": null
          },
          "sensitive_attributes": [],
          "private": "eyJlMmJmYjczMC1lY2FhLTExZTYtOGY4OC0zNDM2M2JjN2M0YzAiOnsiY3JlYXRlIjo1NDAwMDAwMDAwMDAwLCJkZWxldGUiOjU0MDAwMDAwMDAwMDAsInJlYWQiOjMwMDAwMDAwMDAwMCwidXBkYXRlIjo1NDAwMDAwMDAwMDAwfX0="
        }
      ]
    },
    {
      "mode": "managed",
      "type": "azurerm_subnet",
      "name": "s-b3-eco",
      "provider": "provider[\"registry.terraform.io/hashicorp/azurerm\"]",
      "instances": [
        {
          "schema_version": 0,
          "attributes": {
            "address_prefixes": [
              "10.0.2.0/24"
            ],
            "delegation": [],
            "enforce_private_link_endpoint_network_policies": false,
            "enforce_private_link_service_network_policies": false,
            "id": "/subscriptions/17217ead-00d1-4732-8d88-cf868b6e61b8/resourceGroups/b3-eco/providers/Microsoft.Network/virtualNetworks/b3-eco/subnets/internal",
            "name": "internal",
            "private_endpoint_network_policies_enabled": true,
            "private_link_service_network_policies_enabled": true,
            "resource_group_name": "b3-eco",
            "service_endpoint_policy_ids": null,
            "service_endpoints": null,
            "timeouts": null,
            "virtual_network_name": "b3-eco"
          },
          "sensitive_attributes": [],
          "private": "eyJlMmJmYjczMC1lY2FhLTExZTYtOGY4OC0zNDM2M2JjN2M0YzAiOnsiY3JlYXRlIjoxODAwMDAwMDAwMDAwLCJkZWxldGUiOjE4MDAwMDAwMDAwMDAsInJlYWQiOjMwMDAwMDAwMDAwMCwidXBkYXRlIjoxODAwMDAwMDAwMDAwfX0=",
          "dependencies": [
            "azurerm_resource_group.rg-b3-eco",
            "azurerm_virtual_network.vn-b3-eco"
          ]
        }
      ]
    },
    {
      "mode": "managed",
      "type": "azurerm_virtual_network",
      "name": "vn-b3-eco",
      "provider": "provider[\"registry.terraform.io/hashicorp/azurerm\"]",
      "instances": [
        {
          "schema_version": 0,
          "attributes": {
            "address_space": [
              "10.0.0.0/16"
            ],
            "bgp_community": "",
            "ddos_protection_plan": [],
            "dns_servers": [],
            "edge_zone": "",
            "flow_timeout_in_minutes": 0,
            "guid": "1289c489-5750-4139-85cf-650009f9fbc0",
            "id": "/subscriptions/17217ead-00d1-4732-8d88-cf868b6e61b8/resourceGroups/b3-eco/providers/Microsoft.Network/virtualNetworks/b3-eco",
            "location": "eastus",
            "name": "b3-eco",
            "resource_group_name": "b3-eco",
            "subnet": [],
            "tags": null,
            "timeouts": null
          },
          "sensitive_attributes": [],
          "private": "eyJlMmJmYjczMC1lY2FhLTExZTYtOGY4OC0zNDM2M2JjN2M0YzAiOnsiY3JlYXRlIjoxODAwMDAwMDAwMDAwLCJkZWxldGUiOjE4MDAwMDAwMDAwMDAsInJlYWQiOjMwMDAwMDAwMDAwMCwidXBkYXRlIjoxODAwMDAwMDAwMDAwfX0=",
          "dependencies": [
            "azurerm_resource_group.rg-b3-eco"
          ]
        }
      ]
    }
  ],
  "check_results": null
}
